
Microsoft Visual Studio Solution File, Format Version 12.00
# Visual Studio 14
VisualStudioVersion = 14.0.25123.0
MinimumVisualStudioVersion = 10.0.40219.1
Project("{F2A71F9B-5D33-465A-A702-920D77279786}") = "FsGTK", "FsGTK\FsGTK.fsproj", "{79DE7E74-5CF4-4189-8E75-3B3D8F73C24C}"
EndProject
Project("{F2A71F9B-5D33-465A-A702-920D77279786}") = "tests", "tests\tests.fsproj", "{9A15CA93-BFD1-4CBE-A6F8-F6C3C6B5930E}"
EndProject
Global
	GlobalSection(SolutionConfigurationPlatforms) = preSolution
		Debug|Any CPU = Debug|Any CPU
		Release|Any CPU = Release|Any CPU
	EndGlobalSection
	GlobalSection(ProjectConfigurationPlatforms) = postSolution
		{79DE7E74-5CF4-4189-8E75-3B3D8F73C24C}.Debug|Any CPU.ActiveCfg = Debug|Any CPU
		{79DE7E74-5CF4-4189-8E75-3B3D8F73C24C}.Debug|Any CPU.Build.0 = Debug|Any CPU
		{79DE7E74-5CF4-4189-8E75-3B3D8F73C24C}.Release|Any CPU.ActiveCfg = Release|Any CPU
		{79DE7E74-5CF4-4189-8E75-3B3D8F73C24C}.Release|Any CPU.Build.0 = Release|Any CPU
		{9A15CA93-BFD1-4CBE-A6F8-F6C3C6B5930E}.Debug|Any CPU.ActiveCfg = Debug|Any CPU
		{9A15CA93-BFD1-4CBE-A6F8-F6C3C6B5930E}.Debug|Any CPU.Build.0 = Debug|Any CPU
		{9A15CA93-BFD1-4CBE-A6F8-F6C3C6B5930E}.Release|Any CPU.ActiveCfg = Release|Any CPU
		{9A15CA93-BFD1-4CBE-A6F8-F6C3C6B5930E}.Release|Any CPU.Build.0 = Release|Any CPU
	EndGlobalSection
	GlobalSection(SolutionProperties) = preSolution
		HideSolutionNode = FALSE
	EndGlobalSection
EndGlobal
